
Microsoft Visual Studio Solution File, Format Version 12.00
# Visual Studio Version 17
VisualStudioVersion = 17.8.34322.80
MinimumVisualStudioVersion = 10.0.40219.1
Project("{FAE04EC0-301F-11D3-BF4B-00C04F79EFBC}") = "WebApp", "WebApp\WebApp.csproj", "{F2685424-6BC9-4E2F-AD07-CAD397F039FA}"
EndProject
Global
	GlobalSection(SolutionConfigurationPlatforms) = preSolution
		Debug|Any CPU = Debug|Any CPU
		Release|Any CPU = Release|Any CPU
	EndGlobalSection
	GlobalSection(ProjectConfigurationPlatforms) = postSolution
		{F2685424-6BC9-4E2F-AD07-CAD397F039FA}.Debug|Any CPU.ActiveCfg = Debug|Any CPU
		{F2685424-6BC9-4E2F-AD07-CAD397F039FA}.Debug|Any CPU.Build.0 = Debug|Any CPU
		{F2685424-6BC9-4E2F-AD07-CAD397F039FA}.Release|Any CPU.ActiveCfg = Release|Any CPU
		{F2685424-6BC9-4E2F-AD07-CAD397F039FA}.Release|Any CPU.Build.0 = Release|Any CPU
	EndGlobalSection
	GlobalSection(SolutionProperties) = preSolution
		HideSolutionNode = FALSE
	EndGlobalSection
	GlobalSection(ExtensibilityGlobals) = postSolution
		SolutionGuid = {F0D7B7FE-6343-4062-BD85-336D34A3CC37}
	EndGlobalSection
EndGlobal
